
Microsoft Visual Studio Solution File, Format Version 12.00
# Visual Studio 15
VisualStudioVersion = 15.0.28010.2046
MinimumVisualStudioVersion = 10.0.40219.1
Project("{2150E333-8FDC-42A3-9474-1A3956D46DE8}") = "1_Presentation", "1_Presentation", "{1A4E7188-54D0-448F-9722-0044C79FA315}"
EndProject
Project("{2150E333-8FDC-42A3-9474-1A3956D46DE8}") = "2_Services", "2_Services", "{512C3EC5-9269-496E-8675-EA588171802D}"
EndProject
Project("{2150E333-8FDC-42A3-9474-1A3956D46DE8}") = "3_Application", "3_Application", "{748DBE93-7893-40BA-BBD2-4D42E3E4BA11}"
EndProject
Project("{2150E333-8FDC-42A3-9474-1A3956D46DE8}") = "4_Domain", "4_Domain", "{0D42DC69-BA6F-4FD6-80D3-558CD98364BC}"
EndProject
Project("{2150E333-8FDC-42A3-9474-1A3956D46DE8}") = "5_Infra", "5_Infra", "{F4CED1F9-269D-42F0-B252-6405D629FD0E}"
EndProject
Project("{2150E333-8FDC-42A3-9474-1A3956D46DE8}") = "5.1_Data", "5.1_Data", "{D230D07A-5639-4ED2-9EAC-C35873EA8CE6}"
EndProject
Project("{2150E333-8FDC-42A3-9474-1A3956D46DE8}") = "5.2_CrossCutting", "5.2_CrossCutting", "{134AD555-5BC1-454E-9A12-0DB459BDEADD}"
EndProject
Project("{9A19103F-16F7-4668-BE54-9A1E7A4F7556}") = "Eventos.IO.Domain", "src\Eventos.IO.Domain\Eventos.IO.Domain.csproj", "{EDDDF2AA-4B10-4A95-BAB0-C76AFEA22043}"
EndProject
Project("{9A19103F-16F7-4668-BE54-9A1E7A4F7556}") = "Eventos.IO.Domain.Core", "src\Eventos.IO.Domain.Core\Eventos.IO.Domain.Core.csproj", "{09769FF8-2297-416E-BB6C-8AC018BC4B8A}"
EndProject
Project("{9A19103F-16F7-4668-BE54-9A1E7A4F7556}") = "Eventos.IO.Infra.Data", "src\Eventos.IO.Infra.Data\Eventos.IO.Infra.Data.csproj", "{AE540B79-9D80-4BCA-80B6-160B0D19EC66}"
EndProject
Project("{9A19103F-16F7-4668-BE54-9A1E7A4F7556}") = "Eventos.IO.Application", "src\Eventos.IO.Application\Eventos.IO.Application.csproj", "{C3926B41-48A6-4BD1-87BC-5437533145BD}"
EndProject
Project("{9A19103F-16F7-4668-BE54-9A1E7A4F7556}") = "Eventos.IO.Site", "src\Eventos.IO.Site\Eventos.IO.Site.csproj", "{1EFAE298-4B47-4173-807A-3099F3C033F7}"
EndProject
Project("{9A19103F-16F7-4668-BE54-9A1E7A4F7556}") = "Eventos.IO.Infra.CrossCutting.IoC", "src\Eventos.IO.Infra.CrossCutting.IoC\Eventos.IO.Infra.CrossCutting.IoC.csproj", "{5A18E6E6-29AA-4408-B0DE-8EB9FDEB47A5}"
EndProject
Project("{FAE04EC0-301F-11D3-BF4B-00C04F79EFBC}") = "Events.IO.Infra.CrossCutting.Bus", "src\Events.IO.Infra.CrossCutting.Bus\Events.IO.Infra.CrossCutting.Bus.csproj", "{5C1FE0E2-00CA-49FB-B5A7-AD0A75F229E5}"
EndProject
Global
	GlobalSection(SolutionConfigurationPlatforms) = preSolution
		Debug|Any CPU = Debug|Any CPU
		Release|Any CPU = Release|Any CPU
	EndGlobalSection
	GlobalSection(ProjectConfigurationPlatforms) = postSolution
		{EDDDF2AA-4B10-4A95-BAB0-C76AFEA22043}.Debug|Any CPU.ActiveCfg = Debug|Any CPU
		{EDDDF2AA-4B10-4A95-BAB0-C76AFEA22043}.Debug|Any CPU.Build.0 = Debug|Any CPU
		{EDDDF2AA-4B10-4A95-BAB0-C76AFEA22043}.Release|Any CPU.ActiveCfg = Release|Any CPU
		{EDDDF2AA-4B10-4A95-BAB0-C76AFEA22043}.Release|Any CPU.Build.0 = Release|Any CPU
		{09769FF8-2297-416E-BB6C-8AC018BC4B8A}.Debug|Any CPU.ActiveCfg = Debug|Any CPU
		{09769FF8-2297-416E-BB6C-8AC018BC4B8A}.Debug|Any CPU.Build.0 = Debug|Any CPU
		{09769FF8-2297-416E-BB6C-8AC018BC4B8A}.Release|Any CPU.ActiveCfg = Release|Any CPU
		{09769FF8-2297-416E-BB6C-8AC018BC4B8A}.Release|Any CPU.Build.0 = Release|Any CPU
		{AE540B79-9D80-4BCA-80B6-160B0D19EC66}.Debug|Any CPU.ActiveCfg = Debug|Any CPU
		{AE540B79-9D80-4BCA-80B6-160B0D19EC66}.Debug|Any CPU.Build.0 = Debug|Any CPU
		{AE540B79-9D80-4BCA-80B6-160B0D19EC66}.Release|Any CPU.ActiveCfg = Release|Any CPU
		{AE540B79-9D80-4BCA-80B6-160B0D19EC66}.Release|Any CPU.Build.0 = Release|Any CPU
		{C3926B41-48A6-4BD1-87BC-5437533145BD}.Debug|Any CPU.ActiveCfg = Debug|Any CPU
		{C3926B41-48A6-4BD1-87BC-5437533145BD}.Debug|Any CPU.Build.0 = Debug|Any CPU
		{C3926B41-48A6-4BD1-87BC-5437533145BD}.Release|Any CPU.ActiveCfg = Release|Any CPU
		{C3926B41-48A6-4BD1-87BC-5437533145BD}.Release|Any CPU.Build.0 = Release|Any CPU
		{1EFAE298-4B47-4173-807A-3099F3C033F7}.Debug|Any CPU.ActiveCfg = Debug|Any CPU
		{1EFAE298-4B47-4173-807A-3099F3C033F7}.Debug|Any CPU.Build.0 = Debug|Any CPU
		{1EFAE298-4B47-4173-807A-3099F3C033F7}.Release|Any CPU.ActiveCfg = Release|Any CPU
		{1EFAE298-4B47-4173-807A-3099F3C033F7}.Release|Any CPU.Build.0 = Release|Any CPU
		{5A18E6E6-29AA-4408-B0DE-8EB9FDEB47A5}.Debug|Any CPU.ActiveCfg = Debug|Any CPU
		{5A18E6E6-29AA-4408-B0DE-8EB9FDEB47A5}.Debug|Any CPU.Build.0 = Debug|Any CPU
		{5A18E6E6-29AA-4408-B0DE-8EB9FDEB47A5}.Release|Any CPU.ActiveCfg = Release|Any CPU
		{5A18E6E6-29AA-4408-B0DE-8EB9FDEB47A5}.Release|Any CPU.Build.0 = Release|Any CPU
		{5C1FE0E2-00CA-49FB-B5A7-AD0A75F229E5}.Debug|Any CPU.ActiveCfg = Debug|Any CPU
		{5C1FE0E2-00CA-49FB-B5A7-AD0A75F229E5}.Debug|Any CPU.Build.0 = Debug|Any CPU
		{5C1FE0E2-00CA-49FB-B5A7-AD0A75F229E5}.Release|Any CPU.ActiveCfg = Release|Any CPU
		{5C1FE0E2-00CA-49FB-B5A7-AD0A75F229E5}.Release|Any CPU.Build.0 = Release|Any CPU
	EndGlobalSection
	GlobalSection(SolutionProperties) = preSolution
		HideSolutionNode = FALSE
	EndGlobalSection
	GlobalSection(NestedProjects) = preSolution
		{D230D07A-5639-4ED2-9EAC-C35873EA8CE6} = {F4CED1F9-269D-42F0-B252-6405D629FD0E}
		{134AD555-5BC1-454E-9A12-0DB459BDEADD} = {F4CED1F9-269D-42F0-B252-6405D629FD0E}
		{EDDDF2AA-4B10-4A95-BAB0-C76AFEA22043} = {0D42DC69-BA6F-4FD6-80D3-558CD98364BC}
		{09769FF8-2297-416E-BB6C-8AC018BC4B8A} = {0D42DC69-BA6F-4FD6-80D3-558CD98364BC}
		{AE540B79-9D80-4BCA-80B6-160B0D19EC66} = {D230D07A-5639-4ED2-9EAC-C35873EA8CE6}
		{C3926B41-48A6-4BD1-87BC-5437533145BD} = {748DBE93-7893-40BA-BBD2-4D42E3E4BA11}
		{1EFAE298-4B47-4173-807A-3099F3C033F7} = {1A4E7188-54D0-448F-9722-0044C79FA315}
		{5A18E6E6-29AA-4408-B0DE-8EB9FDEB47A5} = {134AD555-5BC1-454E-9A12-0DB459BDEADD}
		{5C1FE0E2-00CA-49FB-B5A7-AD0A75F229E5} = {134AD555-5BC1-454E-9A12-0DB459BDEADD}
	EndGlobalSection
	GlobalSection(ExtensibilityGlobals) = postSolution
		SolutionGuid = {8AF920F4-5E9A-4465-94FC-D29211B2FF8F}
	EndGlobalSection
EndGlobal
